
Microsoft Visual Studio Solution File, Format Version 12.00
# Visual Studio 2012
Project("{FAE04EC0-301F-11D3-BF4B-00C04F79EFBC}") = "UsingVolatile", "UsingVolatile\UsingVolatile.csproj", "{C2FA26EC-CF83-4151-BC7F-0E5FCFB5F21E}"
EndProject
Global
	GlobalSection(SolutionConfigurationPlatforms) = preSolution
		Debug|Any CPU = Debug|Any CPU
		Release|Any CPU = Release|Any CPU
	EndGlobalSection
	GlobalSection(ProjectConfigurationPlatforms) = postSolution
		{C2FA26EC-CF83-4151-BC7F-0E5FCFB5F21E}.Debug|Any CPU.ActiveCfg = Debug|Any CPU
		{C2FA26EC-CF83-4151-BC7F-0E5FCFB5F21E}.Debug|Any CPU.Build.0 = Debug|Any CPU
		{C2FA26EC-CF83-4151-BC7F-0E5FCFB5F21E}.Release|Any CPU.ActiveCfg = Release|Any CPU
		{C2FA26EC-CF83-4151-BC7F-0E5FCFB5F21E}.Release|Any CPU.Build.0 = Release|Any CPU
	EndGlobalSection
	GlobalSection(SolutionProperties) = preSolution
		HideSolutionNode = FALSE
	EndGlobalSection
EndGlobal
